
Microsoft Visual Studio Solution File, Format Version 12.00
# Visual Studio Version 16
VisualStudioVersion = 16.0.810.23
MinimumVisualStudioVersion = 10.0.40219.1
Project("{FAE04EC0-301F-11D3-BF4B-00C04F79EFBC}") = "employees-app", "employees-app\employees-app.csproj", "{FDFC5C9D-8031-413D-AFCB-B482377DA0F5}"
EndProject
Global
	GlobalSection(SolutionConfigurationPlatforms) = preSolution
		Debug|Any CPU = Debug|Any CPU
		Release|Any CPU = Release|Any CPU
	EndGlobalSection
	GlobalSection(ProjectConfigurationPlatforms) = postSolution
		{FDFC5C9D-8031-413D-AFCB-B482377DA0F5}.Debug|Any CPU.ActiveCfg = Debug|Any CPU
		{FDFC5C9D-8031-413D-AFCB-B482377DA0F5}.Debug|Any CPU.Build.0 = Debug|Any CPU
		{FDFC5C9D-8031-413D-AFCB-B482377DA0F5}.Release|Any CPU.ActiveCfg = Release|Any CPU
		{FDFC5C9D-8031-413D-AFCB-B482377DA0F5}.Release|Any CPU.Build.0 = Release|Any CPU
	EndGlobalSection
	GlobalSection(SolutionProperties) = preSolution
		HideSolutionNode = FALSE
	EndGlobalSection
	GlobalSection(ExtensibilityGlobals) = postSolution
		SolutionGuid = {81AF3ACE-49F2-4BFE-AD7E-86A4236608DB}
	EndGlobalSection
EndGlobal
